
Microsoft Visual Studio Solution File, Format Version 12.00
# Visual Studio Version 16
VisualStudioVersion = 16.0.29102.190
MinimumVisualStudioVersion = 10.0.40219.1
Project("{FAE04EC0-301F-11D3-BF4B-00C04F79EFBC}") = "ExeProp04", "ExeProp04\ExeProp04.csproj", "{A348DCEA-323F-49DE-AFA1-DB2412E8E6DC}"
EndProject
Global
	GlobalSection(SolutionConfigurationPlatforms) = preSolution
		Debug|Any CPU = Debug|Any CPU
		Release|Any CPU = Release|Any CPU
	EndGlobalSection
	GlobalSection(ProjectConfigurationPlatforms) = postSolution
		{A348DCEA-323F-49DE-AFA1-DB2412E8E6DC}.Debug|Any CPU.ActiveCfg = Debug|Any CPU
		{A348DCEA-323F-49DE-AFA1-DB2412E8E6DC}.Debug|Any CPU.Build.0 = Debug|Any CPU
		{A348DCEA-323F-49DE-AFA1-DB2412E8E6DC}.Release|Any CPU.ActiveCfg = Release|Any CPU
		{A348DCEA-323F-49DE-AFA1-DB2412E8E6DC}.Release|Any CPU.Build.0 = Release|Any CPU
	EndGlobalSection
	GlobalSection(SolutionProperties) = preSolution
		HideSolutionNode = FALSE
	EndGlobalSection
	GlobalSection(ExtensibilityGlobals) = postSolution
		SolutionGuid = {7C7C0D1C-2409-4493-A361-6960E74EF1C0}
	EndGlobalSection
EndGlobal
